<?xml version="1.0" encoding="UTF-8" standalone="yes" ?>
<CodeBlocks_project_file>
	<FileVersion major="1" minor="6" />
	<Project>
		<Option title="Language" />
		<Option pch_mode="2" />
		<Option compiler="gnu_gcc_mingw_compiler__strict" />
		<Build>
			<Target title="Release">
				<Option output="Release/Language" prefix_auto="1" extension_auto="1" />
				<Option object_output="Release/" />
				<Option type="1" />
				<Option compiler="gnu_gcc_mingw_compiler__strict" />
				<Compiler>
					<Add option="-O2" />
				</Compiler>
				<Linker>
					<Add option="-s" />
				</Linker>
			</Target>
		</Build>
		<Compiler>
			<Add option="-Wall" />
			<Add option="-fexceptions" />
		</Compiler>
		<Unit filename="Differentiator/HashList/list.cpp" />
		<Unit filename="Differentiator/HashList/list.h" />
		<Unit filename="Differentiator/HashList/table.cpp" />
		<Unit filename="Differentiator/HashList/table.h" />
		<Unit filename="Differentiator/HashTable/ListPtr/list_ptr.cpp" />
		<Unit filename="Differentiator/HashTable/ListPtr/list_ptr.h" />
		<Unit filename="Differentiator/HashTable/include/hash_table.h" />
		<Unit filename="Differentiator/HashTable/source/hash_table.cpp" />
		<Unit filename="Differentiator/include/config.h" />
		<Unit filename="Differentiator/include/database.h" />
		<Unit filename="Differentiator/include/differentiator.h" />
		<Unit filename="Differentiator/include/dump.h" />
		<Unit filename="Differentiator/include/latex.h" />
		<Unit filename="Differentiator/include/tree.h" />
		<Unit filename="Differentiator/source/database.cpp" />
		<Unit filename="Differentiator/source/differentiator.cpp" />
		<Unit filename="Differentiator/source/dump.cpp" />
		<Unit filename="Differentiator/source/latex_integrat.cpp" />
		<Unit filename="Differentiator/source/tree.cpp" />
		<Unit filename="include/dump.h" />
		<Unit filename="include/lexer.h" />
		<Unit filename="include/node.h" />
		<Unit filename="include/parser.h" />
		<Unit filename="main.cpp" />
		<Unit filename="source/dump.cpp" />
		<Unit filename="source/node.cpp" />
		<Extensions>
			<code_completion />
			<envvars />
			<debugger />
			<lib_finder disable_auto="1" />
		</Extensions>
	</Project>
</CodeBlocks_project_file>
